<?xml version="1.0" encoding="utf-8"?>
<Project ToolsVersion="4.0" xmlns="http://schemas.microsoft.com/developer/msbuild/2003">
  <ItemGroup>
    <Filter Include="源文件">
      <UniqueIdentifier>{4FC737F1-C7A5-4376-A066-2A32D752A2FF}</UniqueIdentifier>
      <Extensions>cpp;c;cc;cxx;def;odl;idl;hpj;bat;asm;asmx</Extensions>
    </Filter>
    <Filter Include="头文件">
      <UniqueIdentifier>{93995380-89BD-4b04-88EB-625FBE52EBFB}</UniqueIdentifier>
      <Extensions>h;hh;hpp;hxx;hm;inl;inc;ipp;xsd</Extensions>
    </Filter>
    <Filter Include="资源文件">
      <UniqueIdentifier>{67DA6AB6-F800-4c08-8B7A-83BB121AAD01}</UniqueIdentifier>
      <Extensions>rc;ico;cur;bmp;dlg;rc2;rct;bin;rgs;gif;jpg;jpeg;jpe;resx;tiff;tif;png;wav;mfcribbon-ms</Extensions>
    </Filter>
  </ItemGroup>
  <ItemGroup>
    <ClCompile Include="Source\Main.cpp">
      <Filter>源文件</Filter>
    </ClCompile>
    <ClCompile Include="Source\RHI\Shader.cpp">
      <Filter>源文件</Filter>
    </ClCompile>
    <ClCompile Include="Source\Managers\StateManager.cpp">
      <Filter>源文件</Filter>
    </ClCompile>
    <ClCompile Include="Source\Entities\GameObject.cpp">
      <Filter>源文件</Filter>
    </ClCompile>
    <ClCompile Include="Source\RHI\Texture.cpp">
      <Filter>源文件</Filter>
    </ClCompile>
    <ClCompile Include="Source\Managers\ResourceManager.cpp">
      <Filter>源文件</Filter>
    </ClCompile>
    <ClCompile Include="Source\Managers\IManager.cpp">
      <Filter>源文件</Filter>
    </ClCompile>
    <ClCompile Include="Source\Managers\GraphicsManager.cpp">
      <Filter>源文件</Filter>
    </ClCompile>
    <ClCompile Include="ThirdParty\GLAD\glad.c">
      <Filter>源文件</Filter>
    </ClCompile>
    <ClCompile Include="Source\Managers\FontManager.cpp">
      <Filter>源文件</Filter>
    </ClCompile>
    <ClCompile Include="Source\Math\Math.cpp">
      <Filter>源文件</Filter>
    </ClCompile>
    <ClCompile Include="Source\RHI\Character.cpp">
      <Filter>源文件</Filter>
    </ClCompile>
    <ClCompile Include="Source\Application.cpp">
      <Filter>源文件</Filter>
    </ClCompile>
    <ClCompile Include="Source\Message\Message.cpp">
      <Filter>源文件</Filter>
    </ClCompile>
    <ClCompile Include="Source\Managers\InputManager.cpp">
      <Filter>源文件</Filter>
    </ClCompile>
    <ClCompile Include="Source\Managers\SceneManager.cpp">
      <Filter>源文件</Filter>
    </ClCompile>
    <ClCompile Include="Source\Renderer\Renderer.cpp">
      <Filter>源文件</Filter>
    </ClCompile>
    <ClCompile Include="Source\Renderer\SpriteRenderer.cpp">
      <Filter>源文件</Filter>
    </ClCompile>
    <ClCompile Include="Source\Renderer\TextRenderer.cpp">
      <Filter>源文件</Filter>
    </ClCompile>
    <ClCompile Include="Source\Entities\Sprite.cpp">
      <Filter>源文件</Filter>
    </ClCompile>
    <ClCompile Include="Source\Entities\RenderableObject.cpp">
      <Filter>源文件</Filter>
    </ClCompile>
    <ClCompile Include="Source\Entities\Player.cpp">
      <Filter>源文件</Filter>
    </ClCompile>
    <ClCompile Include="Source\Managers\PhysicsManager.cpp">
      <Filter>源文件</Filter>
    </ClCompile>
    <ClCompile Include="Source\Physics\Physics2D.cpp">
      <Filter>源文件</Filter>
    </ClCompile>
    <ClCompile Include="Source\Physics\HitInfo.cpp">
      <Filter>源文件</Filter>
    </ClCompile>
    <ClCompile Include="Source\Component\Transform.cpp">
      <Filter>源文件</Filter>
    </ClCompile>
    <ClCompile Include="Source\Log.cpp">
      <Filter>源文件</Filter>
    </ClCompile>
    <ClCompile Include="Source\Network\NetworkClient.cpp">
      <Filter>源文件</Filter>
    </ClCompile>
    <ClCompile Include="Source\Managers\Managers.cpp">
      <Filter>源文件</Filter>
    </ClCompile>
    <ClCompile Include="Source\Entities\Camera2D.cpp">
      <Filter>源文件</Filter>
    </ClCompile>
    <ClCompile Include="Source\Gui\Label.cpp">
      <Filter>源文件</Filter>
    </ClCompile>
    <ClCompile Include="Source\Managers\AudioManager.cpp">
      <Filter>源文件</Filter>
    </ClCompile>
    <ClCompile Include="Source\Managers\StatisticsManager.cpp">
      <Filter>源文件</Filter>
    </ClCompile>
    <ClCompile Include="Source\Platform\WindowImp.cpp">
      <Filter>源文件</Filter>
    </ClCompile>
    <ClCompile Include="Source\Platform\Window.cpp">
      <Filter>源文件</Filter>
    </ClCompile>
    <ClCompile Include="Source\Game\Breakout\Breakout.cpp">
      <Filter>源文件</Filter>
    </ClCompile>
    <ClCompile Include="Source\Game\Breakout\Brick.cpp">
      <Filter>源文件</Filter>
    </ClCompile>
    <ClCompile Include="Source\Game\Snake\Food.cpp">
      <Filter>源文件</Filter>
    </ClCompile>
    <ClCompile Include="Source\Game\Snake\ScoreBoard.cpp">
      <Filter>源文件</Filter>
    </ClCompile>
    <ClCompile Include="Source\Game\Snake\Snake.cpp">
      <Filter>源文件</Filter>
    </ClCompile>
    <ClCompile Include="Source\Game\Snake\SnakeGame.cpp">
      <Filter>源文件</Filter>
    </ClCompile>
    <ClCompile Include="Source\Game\Snake\Wall.cpp">
      <Filter>源文件</Filter>
    </ClCompile>
    <ClCompile Include="Source\GameInstance.cpp">
      <Filter>源文件</Filter>
    </ClCompile>
    <ClCompile Include="Source\Config\GlobalConfiguration.cpp">
      <Filter>源文件</Filter>
    </ClCompile>
    <ClCompile Include="Source\Scene\Scene.cpp">
      <Filter>源文件</Filter>
    </ClCompile>
    <ClCompile Include="Source\Network\NetMessage.cpp">
      <Filter>源文件</Filter>
    </ClCompile>
    <ClCompile Include="Source\Managers\NetworkManager.cpp">
      <Filter>源文件</Filter>
    </ClCompile>
    <ClCompile Include="Test\Test.cpp">
      <Filter>源文件</Filter>
    </ClCompile>
    <ClCompile Include="Source\Component\Collider2D.cpp">
      <Filter>源文件</Filter>
    </ClCompile>
  </ItemGroup>
  <ItemGroup>
    <ClInclude Include="Source\Platform\IApplication.h">
      <Filter>头文件</Filter>
    </ClInclude>
    <ClInclude Include="Source\RHI\Shader.h">
      <Filter>头文件</Filter>
    </ClInclude>
    <ClInclude Include="Source\Managers\StateManager.h">
      <Filter>头文件</Filter>
    </ClInclude>
    <ClInclude Include="Source\Entities\GameObject.h">
      <Filter>头文件</Filter>
    </ClInclude>
    <ClInclude Include="Source\RHI\Texture.h">
      <Filter>头文件</Filter>
    </ClInclude>
    <ClInclude Include="Source\Managers\ResourceManager.h">
      <Filter>头文件</Filter>
    </ClInclude>
    <ClInclude Include="Source\Managers\IManager.h">
      <Filter>头文件</Filter>
    </ClInclude>
    <ClInclude Include="Source\RHI\Character.h">
      <Filter>头文件</Filter>
    </ClInclude>
    <ClInclude Include="Source\Managers\GraphicsManager.h">
      <Filter>头文件</Filter>
    </ClInclude>
    <ClInclude Include="Source\Math\Math.h">
      <Filter>头文件</Filter>
    </ClInclude>
    <ClInclude Include="Source\Managers\FontManager.h">
      <Filter>头文件</Filter>
    </ClInclude>
    <ClInclude Include="Source\stdpch.h">
      <Filter>头文件</Filter>
    </ClInclude>
    <ClInclude Include="Source\Application.h">
      <Filter>头文件</Filter>
    </ClInclude>
    <ClInclude Include="Source\Message\Message.h">
      <Filter>头文件</Filter>
    </ClInclude>
    <ClInclude Include="Source\Managers\InputManager.h">
      <Filter>头文件</Filter>
    </ClInclude>
    <ClInclude Include="Source\RHI\VertexArray.h">
      <Filter>头文件</Filter>
    </ClInclude>
    <ClInclude Include="Source\Managers\SceneManager.h">
      <Filter>头文件</Filter>
    </ClInclude>
    <ClInclude Include="Source\Renderer\Renderer.h">
      <Filter>头文件</Filter>
    </ClInclude>
    <ClInclude Include="Source\Renderer\SpriteRenderer.h">
      <Filter>头文件</Filter>
    </ClInclude>
    <ClInclude Include="Source\Renderer\TextRenderer.h">
      <Filter>头文件</Filter>
    </ClInclude>
    <ClInclude Include="Source\Entities\Sprite.h">
      <Filter>头文件</Filter>
    </ClInclude>
    <ClInclude Include="Source\Entities\RenderableObject.h">
      <Filter>头文件</Filter>
    </ClInclude>
    <ClInclude Include="Source\Entities\Player.h">
      <Filter>头文件</Filter>
    </ClInclude>
    <ClInclude Include="Source\Managers\PhysicsManager.h">
      <Filter>头文件</Filter>
    </ClInclude>
    <ClInclude Include="Source\Physics\Physics2D.h">
      <Filter>头文件</Filter>
    </ClInclude>
    <ClInclude Include="Source\Physics\HitInfo.h">
      <Filter>头文件</Filter>
    </ClInclude>
    <ClInclude Include="Source\Component\IComponent.h">
      <Filter>头文件</Filter>
    </ClInclude>
    <ClInclude Include="Source\Component\Transform.h">
      <Filter>头文件</Filter>
    </ClInclude>
    <ClInclude Include="Source\Message\MessageHandler.h">
      <Filter>头文件</Filter>
    </ClInclude>
    <ClInclude Include="Source\Engine\Engine.h">
      <Filter>头文件</Filter>
    </ClInclude>
    <ClInclude Include="Source\Engine\Core\Character.h">
      <Filter>头文件</Filter>
    </ClInclude>
    <ClInclude Include="Source\Engine\Core\EngineCore.h">
      <Filter>头文件</Filter>
    </ClInclude>
    <ClInclude Include="Source\Managers\Managers.h">
      <Filter>头文件</Filter>
    </ClInclude>
    <ClInclude Include="Source\Network\NetworkClient.h">
      <Filter>头文件</Filter>
    </ClInclude>
    <ClInclude Include="Source\Log.h">
      <Filter>头文件</Filter>
    </ClInclude>
    <ClInclude Include="Source\Managers\StatisticsManager.h">
      <Filter>头文件</Filter>
    </ClInclude>
    <ClInclude Include="Source\Component\Collider2D.h">
      <Filter>头文件</Filter>
    </ClInclude>
    <ClInclude Include="Source\Entities\Entities.h">
      <Filter>头文件</Filter>
    </ClInclude>
    <ClInclude Include="Source\Entities\Camera2D.h">
      <Filter>头文件</Filter>
    </ClInclude>
    <ClInclude Include="Source\RHI\DrawCommand.h">
      <Filter>头文件</Filter>
    </ClInclude>
    <ClInclude Include="Source\Gui\Label.h">
      <Filter>头文件</Filter>
    </ClInclude>
    <ClInclude Include="ThirdParty\asio.hpp">
      <Filter>头文件</Filter>
    </ClInclude>
    <ClInclude Include="Source\Managers\AudioManager.h">
      <Filter>头文件</Filter>
    </ClInclude>
    <ClInclude Include="Source\Platform\WindowImp.h">
      <Filter>头文件</Filter>
    </ClInclude>
    <ClInclude Include="Source\Platform\Window.h">
      <Filter>头文件</Filter>
    </ClInclude>
    <ClInclude Include="Source\Game\Breakout\Breakout.h">
      <Filter>头文件</Filter>
    </ClInclude>
    <ClInclude Include="Source\Game\Breakout\Brick.h">
      <Filter>头文件</Filter>
    </ClInclude>
    <ClInclude Include="Source\Game\PlaneWar\PlaneWarGame.h">
      <Filter>头文件</Filter>
    </ClInclude>
    <ClInclude Include="Source\Game\Snake\Food.h">
      <Filter>头文件</Filter>
    </ClInclude>
    <ClInclude Include="Source\Game\Snake\ScoreBoard.h">
      <Filter>头文件</Filter>
    </ClInclude>
    <ClInclude Include="Source\Game\Snake\Snake.h">
      <Filter>头文件</Filter>
    </ClInclude>
    <ClInclude Include="Source\Game\Snake\SnakeGame.h">
      <Filter>头文件</Filter>
    </ClInclude>
    <ClInclude Include="Source\Game\Snake\SnakeMap.h">
      <Filter>头文件</Filter>
    </ClInclude>
    <ClInclude Include="Source\Game\Snake\Wall.h">
      <Filter>头文件</Filter>
    </ClInclude>
    <ClInclude Include="Source\Game\Tetris\TetrisGame.h">
      <Filter>头文件</Filter>
    </ClInclude>
    <ClInclude Include="Source\GameInstance.h">
      <Filter>头文件</Filter>
    </ClInclude>
    <ClInclude Include="Source\Config\GlobalConfiguration.h">
      <Filter>头文件</Filter>
    </ClInclude>
    <ClInclude Include="Source\Scene\Scene.h">
      <Filter>头文件</Filter>
    </ClInclude>
    <ClInclude Include="Source\Network\NetMessage.h">
      <Filter>头文件</Filter>
    </ClInclude>
    <ClInclude Include="Source\Managers\NetworkManager.h">
      <Filter>头文件</Filter>
    </ClInclude>
    <ClInclude Include="Source\Gui\GuiObject.h">
      <Filter>头文件</Filter>
    </ClInclude>
    <ClInclude Include="Source\Game\Snake\Level.h">
      <Filter>头文件</Filter>
    </ClInclude>
  </ItemGroup>
  <ItemGroup>
    <None Include="Assets\Shaders\texture.vertex" />
    <None Include="Assets\Shaders\texture.fragment" />
    <None Include="Assets\Shaders\basic.vertex" />
    <None Include="Assets\Shaders\basic.fragment" />
    <None Include="Assets\Shaders\text.vertex" />
    <None Include="Assets\Shaders\text.fragment" />
    <None Include="Assets\Shaders\sprite.vertex" />
    <None Include="Assets\Shaders\sprite.fragment" />
  </ItemGroup>
  <ItemGroup>
    <Image Include="Assets\Textures\container.jpg">
      <Filter>资源文件</Filter>
    </Image>
    <Image Include="Assets\Textures\awesomeface.png">
      <Filter>资源文件</Filter>
    </Image>
  </ItemGroup>
  <ItemGroup>
    <Xml Include="Assets\Conf\gConfig.xml" />
    <Xml Include="Assets\Conf\Game.xml" />
  </ItemGroup>
  <ItemGroup>
    <Text Include="Source\CMakeLists.txt" />
    <Text Include="CMakeLists.txt" />
  </ItemGroup>
</Project>